
Microsoft Visual Studio Solution File, Format Version 12.00
# Visual Studio Version 17
VisualStudioVersion = 17.7.34024.191
MinimumVisualStudioVersion = 10.0.40219.1
Project("{FAE04EC0-301F-11D3-BF4B-00C04F79EFBC}") = "ToursApp", "ToursApp.csproj", "{5F08AD7B-46E9-41AF-80DB-8E9F854A8AC6}"
EndProject
Global
	GlobalSection(SolutionConfigurationPlatforms) = preSolution
		Debug|Any CPU = Debug|Any CPU
		Release|Any CPU = Release|Any CPU
	EndGlobalSection
	GlobalSection(ProjectConfigurationPlatforms) = postSolution
		{5F08AD7B-46E9-41AF-80DB-8E9F854A8AC6}.Debug|Any CPU.ActiveCfg = Debug|Any CPU
		{5F08AD7B-46E9-41AF-80DB-8E9F854A8AC6}.Debug|Any CPU.Build.0 = Debug|Any CPU
		{5F08AD7B-46E9-41AF-80DB-8E9F854A8AC6}.Release|Any CPU.ActiveCfg = Release|Any CPU
		{5F08AD7B-46E9-41AF-80DB-8E9F854A8AC6}.Release|Any CPU.Build.0 = Release|Any CPU
	EndGlobalSection
	GlobalSection(SolutionProperties) = preSolution
		HideSolutionNode = FALSE
	EndGlobalSection
	GlobalSection(ExtensibilityGlobals) = postSolution
		SolutionGuid = {91A6A668-4ACA-4094-8FC5-1F4DD3B16D95}
	EndGlobalSection
EndGlobal
